PODS:
  - CustomViewPresenter (0.1.5)

DEPENDENCIES:
  - CustomViewPresenter (from `../`)

EXTERNAL SOURCES:
  CustomViewPresenter:
    :path: "../"

SPEC CHECKSUMS:
  CustomViewPresenter: 7a622a2cbdac797f54d9a7e616f6e2e461d34e90

PODFILE CHECKSUM: 1aacd2f62bfcdf8683907ec3e5811326cb76b485

COCOAPODS: 1.8.4
