PODS:
  - CustomViewPresenter (0.1.4)

DEPENDENCIES:
  - CustomViewPresenter (from `../`)

EXTERNAL SOURCES:
  CustomViewPresenter:
    :path: "../"

SPEC CHECKSUMS:
  CustomViewPresenter: f2979b6269bf462df51f70f62511b0c5a3dd235d

PODFILE CHECKSUM: 1aacd2f62bfcdf8683907ec3e5811326cb76b485

COCOAPODS: 1.8.4
